# THIS IS AN AUTOGENERATED FILE. DO NOT EDIT THIS FILE DIRECTLY.
# yarn lockfile v1


surrealdb.js@^0.7.2:
  version "0.7.2"
  resolved "https://registry.yarnpkg.com/surrealdb.js/-/surrealdb.js-0.7.2.tgz#4719b77c4935da7e96fa1bb1061031cd803d73be"
  integrity sha512-CvnzkTiPZ2ltixu6T5LVZ7smxwUADbwo7Pqql/uxFaAlmuWfDdDsvt2iS8KerJnMm8FuQWHVV3C2p8PSdTTjxQ==
  dependencies:
    unws "^0.2.2"

unws@^0.2.2:
  version "0.2.2"
  resolved "https://registry.yarnpkg.com/unws/-/unws-0.2.2.tgz#e5b2417eff8cdf7a384c4149026f2d64c7a66bc7"
  integrity sha512-gvhHftGyuN6mL7ymZNTY9NxKXtK1Gy5v0u4YIjsKnDe4sdGPJtOsvQ3fuNVxD5AgtIqD6dPDkDfrWJGwvmLmzw==
